
Microsoft Visual Studio Solution File, Format Version 12.00
# Visual Studio Version 17
VisualStudioVersion = 17.11.35222.181
MinimumVisualStudioVersion = 10.0.40219.1
Project("{FAE04EC0-301F-11D3-BF4B-00C04F79EFBC}") = "2(2)", "2(2).csproj", "{FA831E66-52BE-4A53-A6E6-8D9898086FF1}"
EndProject
Global
	GlobalSection(SolutionConfigurationPlatforms) = preSolution
		Debug|Any CPU = Debug|Any CPU
		Release|Any CPU = Release|Any CPU
	EndGlobalSection
	GlobalSection(ProjectConfigurationPlatforms) = postSolution
		{FA831E66-52BE-4A53-A6E6-8D9898086FF1}.Debug|Any CPU.ActiveCfg = Debug|Any CPU
		{FA831E66-52BE-4A53-A6E6-8D9898086FF1}.Debug|Any CPU.Build.0 = Debug|Any CPU
		{FA831E66-52BE-4A53-A6E6-8D9898086FF1}.Release|Any CPU.ActiveCfg = Release|Any CPU
		{FA831E66-52BE-4A53-A6E6-8D9898086FF1}.Release|Any CPU.Build.0 = Release|Any CPU
	EndGlobalSection
	GlobalSection(SolutionProperties) = preSolution
		HideSolutionNode = FALSE
	EndGlobalSection
	GlobalSection(ExtensibilityGlobals) = postSolution
		SolutionGuid = {6675919A-F377-4AE9-915C-0628D403C89C}
	EndGlobalSection
EndGlobal
